{
  "name": "picturehouse-ics",
  "version": "1.0.0",
  "lockfileVersion": 3,
  "requires": true,
  "packages": {
    "": {
      "name": "picturehouse-ics",
      "version": "1.0.0",
      "license": "ISC",
      "dependencies": {
        "@date-fns/tz": "^1.2.0",
        "date-fns": "^4.1.0",
        "happy-dom": "^15.11.7",
        "ical-generator": "^8.0.1",
        "slugify": "^1.6.6"
      }
    },
    "node_modules/@date-fns/tz": {
      "version": "1.2.0",
      "resolved": "https://registry.npmjs.org/@date-fns/tz/-/tz-1.2.0.tgz",
      "integrity": "sha512-LBrd7MiJZ9McsOgxqWX7AaxrDjcFVjWH/tIKJd7pnR7McaslGYOP1QmmiBXdJH/H/yLCT+rcQ7FaPBUxRGUtrg==",
      "license": "MIT"
    },
    "node_modules/date-fns": {
      "version": "4.1.0",
      "resolved": "https://registry.npmjs.org/date-fns/-/date-fns-4.1.0.tgz",
      "integrity": "sha512-Ukq0owbQXxa/U3EGtsdVBkR1w7KOQ5gIBqdH2hkvknzZPYvBxb/aa6E8L7tmjFtkwZBu3UXBbjIgPo/Ez4xaNg==",
      "license": "MIT",
      "funding": {
        "type": "github",
        "url": "https://github.com/sponsors/kossnocorp"
      }
    },
    "node_modules/entities": {
      "version": "4.5.0",
      "resolved": "https://registry.npmjs.org/entities/-/entities-4.5.0.tgz",
      "integrity": "sha512-V0hjH4dGPh9Ao5p0MoRY6BVqtwCjhz6vI5LT8AJ55H+4g9/4vbHx1I54fS0XuclLhDHArPQCiMjDxjaL8fPxhw==",
      "license": "BSD-2-Clause",
      "engines": {
        "node": ">=0.12"
      },
      "funding": {
        "url": "https://github.com/fb55/entities?sponsor=1"
      }
    },
    "node_modules/happy-dom": {
      "version": "15.11.7",
      "resolved": "https://registry.npmjs.org/happy-dom/-/happy-dom-15.11.7.tgz",
      "integrity": "sha512-KyrFvnl+J9US63TEzwoiJOQzZBJY7KgBushJA8X61DMbNsH+2ONkDuLDnCnwUiPTF42tLoEmrPyoqbenVA5zrg==",
      "license": "MIT",
      "dependencies": {
        "entities": "^4.5.0",
        "webidl-conversions": "^7.0.0",
        "whatwg-mimetype": "^3.0.0"
      },
      "engines": {
        "node": ">=18.0.0"
      }
    },
    "node_modules/ical-generator": {
      "version": "8.1.1",
      "resolved": "https://registry.npmjs.org/ical-generator/-/ical-generator-8.1.1.tgz",
      "integrity": "sha512-vorfUDZk4NaVLB7f1pm9AeRGy0jTYn7QUHZCFCMx3EGOz9+yykdAjA1i4ez+ZLAEK55lmutCXvVovEdTj9s1XA==",
      "license": "MIT",
      "dependencies": {
        "uuid-random": "^1.3.2"
      },
      "engines": {
        "node": "18 || 20 || >=22.0.0"
      },
      "peerDependencies": {
        "@touch4it/ical-timezones": ">=1.6.0",
        "@types/luxon": ">= 1.26.0",
        "@types/mocha": ">= 8.2.1",
        "dayjs": ">= 1.10.0",
        "luxon": ">= 1.26.0",
        "moment": ">= 2.29.0",
        "moment-timezone": ">= 0.5.33",
        "rrule": ">= 2.6.8"
      },
      "peerDependenciesMeta": {
        "@touch4it/ical-timezones": {
          "optional": true
        },
        "@types/luxon": {
          "optional": true
        },
        "@types/mocha": {
          "optional": true
        },
        "@types/node": {
          "optional": true
        },
        "dayjs": {
          "optional": true
        },
        "luxon": {
          "optional": true
        },
        "moment": {
          "optional": true
        },
        "moment-timezone": {
          "optional": true
        },
        "rrule": {
          "optional": true
        }
      }
    },
    "node_modules/slugify": {
      "version": "1.6.6",
      "resolved": "https://registry.npmjs.org/slugify/-/slugify-1.6.6.tgz",
      "integrity": "sha512-h+z7HKHYXj6wJU+AnS/+IH8Uh9fdcX1Lrhg1/VMdf9PwoBQXFcXiAdsy2tSK0P6gKwJLXp02r90ahUCqHk9rrw==",
      "license": "MIT",
      "engines": {
        "node": ">=8.0.0"
      }
    },
    "node_modules/uuid-random": {
      "version": "1.3.2",
      "resolved": "https://registry.npmjs.org/uuid-random/-/uuid-random-1.3.2.tgz",
      "integrity": "sha512-UOzej0Le/UgkbWEO8flm+0y+G+ljUon1QWTEZOq1rnMAsxo2+SckbiZdKzAHHlVh6gJqI1TjC/xwgR50MuCrBQ==",
      "license": "MIT"
    },
    "node_modules/webidl-conversions": {
      "version": "7.0.0",
      "resolved": "https://registry.npmjs.org/webidl-conversions/-/webidl-conversions-7.0.0.tgz",
      "integrity": "sha512-VwddBukDzu71offAQR975unBIGqfKZpM+8ZX6ySk8nYhVoo5CYaZyzt3YBvYtRtO+aoGlqxPg/B87NGVZ/fu6g==",
      "license": "BSD-2-Clause",
      "engines": {
        "node": ">=12"
      }
    },
    "node_modules/whatwg-mimetype": {
      "version": "3.0.0",
      "resolved": "https://registry.npmjs.org/whatwg-mimetype/-/whatwg-mimetype-3.0.0.tgz",
      "integrity": "sha512-nt+N2dzIutVRxARx1nghPKGv1xHikU7HKdfafKkLNLindmPU/ch3U31NOCGGA/dmPcmb1VlofO0vnKAcsm0o/Q==",
      "license": "MIT",
      "engines": {
        "node": ">=12"
      }
    }
  }
}
